
Microsoft Visual Studio Solution File, Format Version 12.00
# Visual Studio 15
VisualStudioVersion = 15.0.28307.421
MinimumVisualStudioVersion = 10.0.40219.1
Project("{8BC9CEB8-8B4A-11D0-8D11-00A0C91BC942}") = "UnityOpenCV", "UnityOpenCV\UnityOpenCV.vcxproj", "{D2FB5628-452C-40E2-8F5D-DC109A7022AD}"
EndProject
Global
	GlobalSection(SolutionConfigurationPlatforms) = preSolution
		Debug|x64 = Debug|x64
		Debug|x86 = Debug|x86
		Release|x64 = Release|x64
		Release|x86 = Release|x86
	EndGlobalSection
	GlobalSection(ProjectConfigurationPlatforms) = postSolution
		{D2FB5628-452C-40E2-8F5D-DC109A7022AD}.Debug|x64.ActiveCfg = Debug|x64
		{D2FB5628-452C-40E2-8F5D-DC109A7022AD}.Debug|x64.Build.0 = Debug|x64
		{D2FB5628-452C-40E2-8F5D-DC109A7022AD}.Debug|x86.ActiveCfg = Debug|x64
		{D2FB5628-452C-40E2-8F5D-DC109A7022AD}.Debug|x86.Build.0 = Debug|x64
		{D2FB5628-452C-40E2-8F5D-DC109A7022AD}.Release|x64.ActiveCfg = Release|x64
		{D2FB5628-452C-40E2-8F5D-DC109A7022AD}.Release|x64.Build.0 = Release|x64
		{D2FB5628-452C-40E2-8F5D-DC109A7022AD}.Release|x86.ActiveCfg = Release|Win32
		{D2FB5628-452C-40E2-8F5D-DC109A7022AD}.Release|x86.Build.0 = Release|Win32
	EndGlobalSection
	GlobalSection(SolutionProperties) = preSolution
		HideSolutionNode = FALSE
	EndGlobalSection
	GlobalSection(ExtensibilityGlobals) = postSolution
		SolutionGuid = {BC3FCD04-92F1-4235-B7C5-682DE3C73E71}
	EndGlobalSection
EndGlobal
